
Microsoft Visual Studio Solution File, Format Version 12.00
# Visual Studio 2012
Project("{FAE04EC0-301F-11D3-BF4B-00C04F79EFBC}") = "Emplea.do.iOS", "Emplea.do.iOS.csproj", "{7248048D-DF05-4326-AA41-DDA446EBF62E}"
EndProject
Project("{FAE04EC0-301F-11D3-BF4B-00C04F79EFBC}") = "Framework.iOS", "..\Framework.iOS\Framework.iOS.csproj", "{0166E991-1FED-4430-AF57-BC51E774B9A3}"
EndProject
Global
	GlobalSection(SolutionConfigurationPlatforms) = preSolution
		Ad-Hoc|Any CPU = Ad-Hoc|Any CPU
		Ad-Hoc|iPhone = Ad-Hoc|iPhone
		Ad-Hoc|iPhoneSimulator = Ad-Hoc|iPhoneSimulator
		Ad-Hoc|Mixed Platforms = Ad-Hoc|Mixed Platforms
		AppStore|Any CPU = AppStore|Any CPU
		AppStore|iPhone = AppStore|iPhone
		AppStore|iPhoneSimulator = AppStore|iPhoneSimulator
		AppStore|Mixed Platforms = AppStore|Mixed Platforms
		Debug|Any CPU = Debug|Any CPU
		Debug|iPhone = Debug|iPhone
		Debug|iPhoneSimulator = Debug|iPhoneSimulator
		Debug|Mixed Platforms = Debug|Mixed Platforms
		Release|Any CPU = Release|Any CPU
		Release|iPhone = Release|iPhone
		Release|iPhoneSimulator = Release|iPhoneSimulator
		Release|Mixed Platforms = Release|Mixed Platforms
	EndGlobalSection
	GlobalSection(ProjectConfigurationPlatforms) = postSolution
		{7248048D-DF05-4326-AA41-DDA446EBF62E}.Ad-Hoc|Any CPU.ActiveCfg = Debug|iPhoneSimulator
		{7248048D-DF05-4326-AA41-DDA446EBF62E}.Ad-Hoc|Any CPU.Build.0 = Debug|iPhoneSimulator
		{7248048D-DF05-4326-AA41-DDA446EBF62E}.Ad-Hoc|iPhone.ActiveCfg = Ad-Hoc|iPhone
		{7248048D-DF05-4326-AA41-DDA446EBF62E}.Ad-Hoc|iPhone.Build.0 = Ad-Hoc|iPhone
		{7248048D-DF05-4326-AA41-DDA446EBF62E}.Ad-Hoc|iPhoneSimulator.ActiveCfg = Debug|iPhoneSimulator
		{7248048D-DF05-4326-AA41-DDA446EBF62E}.Ad-Hoc|iPhoneSimulator.Build.0 = Debug|iPhoneSimulator
		{7248048D-DF05-4326-AA41-DDA446EBF62E}.Ad-Hoc|Mixed Platforms.ActiveCfg = Debug|iPhoneSimulator
		{7248048D-DF05-4326-AA41-DDA446EBF62E}.Ad-Hoc|Mixed Platforms.Build.0 = Debug|iPhoneSimulator
		{7248048D-DF05-4326-AA41-DDA446EBF62E}.AppStore|Any CPU.ActiveCfg = Debug|iPhoneSimulator
		{7248048D-DF05-4326-AA41-DDA446EBF62E}.AppStore|Any CPU.Build.0 = Debug|iPhoneSimulator
		{7248048D-DF05-4326-AA41-DDA446EBF62E}.AppStore|iPhone.ActiveCfg = AppStore|iPhone
		{7248048D-DF05-4326-AA41-DDA446EBF62E}.AppStore|iPhone.Build.0 = AppStore|iPhone
		{7248048D-DF05-4326-AA41-DDA446EBF62E}.AppStore|iPhoneSimulator.ActiveCfg = AppStore|iPhoneSimulator
		{7248048D-DF05-4326-AA41-DDA446EBF62E}.AppStore|iPhoneSimulator.Build.0 = AppStore|iPhoneSimulator
		{7248048D-DF05-4326-AA41-DDA446EBF62E}.AppStore|Mixed Platforms.ActiveCfg = Debug|iPhoneSimulator
		{7248048D-DF05-4326-AA41-DDA446EBF62E}.AppStore|Mixed Platforms.Build.0 = Debug|iPhoneSimulator
		{7248048D-DF05-4326-AA41-DDA446EBF62E}.Debug|Any CPU.ActiveCfg = Debug|iPhoneSimulator
		{7248048D-DF05-4326-AA41-DDA446EBF62E}.Debug|Any CPU.Build.0 = Debug|iPhoneSimulator
		{7248048D-DF05-4326-AA41-DDA446EBF62E}.Debug|iPhone.ActiveCfg = Debug|iPhone
		{7248048D-DF05-4326-AA41-DDA446EBF62E}.Debug|iPhone.Build.0 = Debug|iPhone
		{7248048D-DF05-4326-AA41-DDA446EBF62E}.Debug|iPhoneSimulator.ActiveCfg = Debug|iPhoneSimulator
		{7248048D-DF05-4326-AA41-DDA446EBF62E}.Debug|iPhoneSimulator.Build.0 = Debug|iPhoneSimulator
		{7248048D-DF05-4326-AA41-DDA446EBF62E}.Debug|Mixed Platforms.ActiveCfg = Debug|iPhoneSimulator
		{7248048D-DF05-4326-AA41-DDA446EBF62E}.Debug|Mixed Platforms.Build.0 = Debug|iPhoneSimulator
		{7248048D-DF05-4326-AA41-DDA446EBF62E}.Release|Any CPU.ActiveCfg = Debug|iPhoneSimulator
		{7248048D-DF05-4326-AA41-DDA446EBF62E}.Release|Any CPU.Build.0 = Debug|iPhoneSimulator
		{7248048D-DF05-4326-AA41-DDA446EBF62E}.Release|iPhone.ActiveCfg = Release|iPhone
		{7248048D-DF05-4326-AA41-DDA446EBF62E}.Release|iPhone.Build.0 = Release|iPhone
		{7248048D-DF05-4326-AA41-DDA446EBF62E}.Release|iPhoneSimulator.ActiveCfg = Release|iPhoneSimulator
		{7248048D-DF05-4326-AA41-DDA446EBF62E}.Release|iPhoneSimulator.Build.0 = Release|iPhoneSimulator
		{7248048D-DF05-4326-AA41-DDA446EBF62E}.Release|Mixed Platforms.ActiveCfg = Debug|iPhoneSimulator
		{7248048D-DF05-4326-AA41-DDA446EBF62E}.Release|Mixed Platforms.Build.0 = Debug|iPhoneSimulator
		{0166E991-1FED-4430-AF57-BC51E774B9A3}.Ad-Hoc|Any CPU.ActiveCfg = Release|Any CPU
		{0166E991-1FED-4430-AF57-BC51E774B9A3}.Ad-Hoc|Any CPU.Build.0 = Release|Any CPU
		{0166E991-1FED-4430-AF57-BC51E774B9A3}.Ad-Hoc|iPhone.ActiveCfg = Release|Any CPU
		{0166E991-1FED-4430-AF57-BC51E774B9A3}.Ad-Hoc|iPhone.Build.0 = Release|Any CPU
		{0166E991-1FED-4430-AF57-BC51E774B9A3}.Ad-Hoc|iPhoneSimulator.ActiveCfg = Release|Any CPU
		{0166E991-1FED-4430-AF57-BC51E774B9A3}.Ad-Hoc|iPhoneSimulator.Build.0 = Release|Any CPU
		{0166E991-1FED-4430-AF57-BC51E774B9A3}.Ad-Hoc|Mixed Platforms.ActiveCfg = Release|Any CPU
		{0166E991-1FED-4430-AF57-BC51E774B9A3}.Ad-Hoc|Mixed Platforms.Build.0 = Release|Any CPU
		{0166E991-1FED-4430-AF57-BC51E774B9A3}.AppStore|Any CPU.ActiveCfg = Release|Any CPU
		{0166E991-1FED-4430-AF57-BC51E774B9A3}.AppStore|Any CPU.Build.0 = Release|Any CPU
		{0166E991-1FED-4430-AF57-BC51E774B9A3}.AppStore|iPhone.ActiveCfg = Release|Any CPU
		{0166E991-1FED-4430-AF57-BC51E774B9A3}.AppStore|iPhone.Build.0 = Release|Any CPU
		{0166E991-1FED-4430-AF57-BC51E774B9A3}.AppStore|iPhoneSimulator.ActiveCfg = Release|Any CPU
		{0166E991-1FED-4430-AF57-BC51E774B9A3}.AppStore|iPhoneSimulator.Build.0 = Release|Any CPU
		{0166E991-1FED-4430-AF57-BC51E774B9A3}.AppStore|Mixed Platforms.ActiveCfg = Release|Any CPU
		{0166E991-1FED-4430-AF57-BC51E774B9A3}.AppStore|Mixed Platforms.Build.0 = Release|Any CPU
		{0166E991-1FED-4430-AF57-BC51E774B9A3}.Debug|Any CPU.ActiveCfg = Debug|Any CPU
		{0166E991-1FED-4430-AF57-BC51E774B9A3}.Debug|Any CPU.Build.0 = Debug|Any CPU
		{0166E991-1FED-4430-AF57-BC51E774B9A3}.Debug|iPhone.ActiveCfg = Debug|Any CPU
		{0166E991-1FED-4430-AF57-BC51E774B9A3}.Debug|iPhone.Build.0 = Debug|Any CPU
		{0166E991-1FED-4430-AF57-BC51E774B9A3}.Debug|iPhoneSimulator.ActiveCfg = Debug|Any CPU
		{0166E991-1FED-4430-AF57-BC51E774B9A3}.Debug|iPhoneSimulator.Build.0 = Debug|Any CPU
		{0166E991-1FED-4430-AF57-BC51E774B9A3}.Debug|Mixed Platforms.ActiveCfg = Debug|Any CPU
		{0166E991-1FED-4430-AF57-BC51E774B9A3}.Debug|Mixed Platforms.Build.0 = Debug|Any CPU
		{0166E991-1FED-4430-AF57-BC51E774B9A3}.Release|Any CPU.ActiveCfg = Release|Any CPU
		{0166E991-1FED-4430-AF57-BC51E774B9A3}.Release|Any CPU.Build.0 = Release|Any CPU
		{0166E991-1FED-4430-AF57-BC51E774B9A3}.Release|iPhone.ActiveCfg = Release|Any CPU
		{0166E991-1FED-4430-AF57-BC51E774B9A3}.Release|iPhone.Build.0 = Release|Any CPU
		{0166E991-1FED-4430-AF57-BC51E774B9A3}.Release|iPhoneSimulator.ActiveCfg = Release|Any CPU
		{0166E991-1FED-4430-AF57-BC51E774B9A3}.Release|iPhoneSimulator.Build.0 = Release|Any CPU
		{0166E991-1FED-4430-AF57-BC51E774B9A3}.Release|Mixed Platforms.ActiveCfg = Release|Any CPU
		{0166E991-1FED-4430-AF57-BC51E774B9A3}.Release|Mixed Platforms.Build.0 = Release|Any CPU
	EndGlobalSection
	GlobalSection(SolutionProperties) = preSolution
		HideSolutionNode = FALSE
	EndGlobalSection
	GlobalSection(MonoDevelopProperties) = preSolution
		StartupItem = Emplea.do.iOS.csproj
	EndGlobalSection
EndGlobal
